// !$*UTF8*$!
{
	archiveVersion = 1;
	classes = {
	};
	objectVersion = 56;
	objects = {

/* Begin PBXBuildFile section */
		E025C19C297E999D00D648EE /* StepView.swift in Sources */ = {isa = PBXBuildFile; fileRef = E025C19B297E999D00D648EE /* StepView.swift */; };
		E025C19E297E9AD300D648EE /* ChooseImgs.swift in Sources */ = {isa = PBXBuildFile; fileRef = E025C19D297E9AD300D648EE /* ChooseImgs.swift */; };
		E025C1AC2981E02E00D648EE /* RemoveBG.swift in Sources */ = {isa = PBXBuildFile; fileRef = E025C1AB2981E02E00D648EE /* RemoveBG.swift */; };
		E045CA3A29795F17007667C4 /* UI_App.swift in Sources */ = {isa = PBXBuildFile; fileRef = E045CA3929795F17007667C4 /* UI_App.swift */; };
		E045CA3C29795F17007667C4 /* ContentView.swift in Sources */ = {isa = PBXBuildFile; fileRef = E045CA3B29795F17007667C4 /* ContentView.swift */; };
		E045CA3E29795F18007667C4 /* Assets.xcassets in Resources */ = {isa = PBXBuildFile; fileRef = E045CA3D29795F18007667C4 /* Assets.xcassets */; };
		E045CA4229795F18007667C4 /* Preview Assets.xcassets in Resources */ = {isa = PBXBuildFile; fileRef = E045CA4129795F18007667C4 /* Preview Assets.xcassets */; };
		E045CA4C29795F18007667C4 /* UI_Tests.swift in Sources */ = {isa = PBXBuildFile; fileRef = E045CA4B29795F18007667C4 /* UI_Tests.swift */; };
		E045CA5629795F18007667C4 /* UI_UITests.swift in Sources */ = {isa = PBXBuildFile; fileRef = E045CA5529795F18007667C4 /* UI_UITests.swift */; };
		E045CA5829795F18007667C4 /* UI_UITestsLaunchTests.swift in Sources */ = {isa = PBXBuildFile; fileRef = E045CA5729795F18007667C4 /* UI_UITestsLaunchTests.swift */; };
		E051F44C298307BC00E60BEF /* ResultImg.swift in Sources */ = {isa = PBXBuildFile; fileRef = E051F44B298307BC00E60BEF /* ResultImg.swift */; };
		E051F44E2986DDF500E60BEF /* TshirtView.swift in Sources */ = {isa = PBXBuildFile; fileRef = E051F44D2986DDF500E60BEF /* TshirtView.swift */; };
		E051F45C298953E300E60BEF /* Pointillism.mlmodel in Sources */ = {isa = PBXBuildFile; fileRef = E051F45B298953E200E60BEF /* Pointillism.mlmodel */; };
		E051F45E298953EC00E60BEF /* StarryNight.mlmodel in Sources */ = {isa = PBXBuildFile; fileRef = E051F45D298953EC00E60BEF /* StarryNight.mlmodel */; };
		E051F46B2989C15F00E60BEF /* UIImage+Resize.swift in Sources */ = {isa = PBXBuildFile; fileRef = E051F4672989C15E00E60BEF /* UIImage+Resize.swift */; };
		E051F46C2989C15F00E60BEF /* NSTError.swift in Sources */ = {isa = PBXBuildFile; fileRef = E051F4682989C15E00E60BEF /* NSTError.swift */; };
		E051F46D2989C15F00E60BEF /* MLModelProvider.swift in Sources */ = {isa = PBXBuildFile; fileRef = E051F4692989C15F00E60BEF /* MLModelProvider.swift */; };
		E051F46E2989C15F00E60BEF /* UIImage+CoreML.swift in Sources */ = {isa = PBXBuildFile; fileRef = E051F46A2989C15F00E60BEF /* UIImage+CoreML.swift */; };
		E0589A5D298200DC00A16173 /* Array+Extensions.swift in Sources */ = {isa = PBXBuildFile; fileRef = E0589A4C298200DB00A16173 /* Array+Extensions.swift */; };
		E0589A5E298200DC00A16173 /* Math.swift in Sources */ = {isa = PBXBuildFile; fileRef = E0589A4D298200DB00A16173 /* Math.swift */; };
		E0589A5F298200DC00A16173 /* UIImage+CVPixelBuffer.swift in Sources */ = {isa = PBXBuildFile; fileRef = E0589A4E298200DB00A16173 /* UIImage+CVPixelBuffer.swift */; };
		E0589A60298200DC00A16173 /* Predictions.swift in Sources */ = {isa = PBXBuildFile; fileRef = E0589A4F298200DB00A16173 /* Predictions.swift */; };
		E0589A61298200DC00A16173 /* UIImage+Extensions.swift in Sources */ = {isa = PBXBuildFile; fileRef = E0589A50298200DB00A16173 /* UIImage+Extensions.swift */; };
		E0589A62298200DC00A16173 /* CGImagePropertyOrientation.swift in Sources */ = {isa = PBXBuildFile; fileRef = E0589A51298200DB00A16173 /* CGImagePropertyOrientation.swift */; };
		E0589A63298200DC00A16173 /* UIImage+RawBytes.swift in Sources */ = {isa = PBXBuildFile; fileRef = E0589A52298200DB00A16173 /* UIImage+RawBytes.swift */; };
		E0589A64298200DC00A16173 /* MLMultiArray+Helpers.swift in Sources */ = {isa = PBXBuildFile; fileRef = E0589A53298200DB00A16173 /* MLMultiArray+Helpers.swift */; };
		E0589A65298200DC00A16173 /* MLModel+Images.swift in Sources */ = {isa = PBXBuildFile; fileRef = E0589A54298200DB00A16173 /* MLModel+Images.swift */; };
		E0589A66298200DC00A16173 /* CoreML+Combine.swift in Sources */ = {isa = PBXBuildFile; fileRef = E0589A55298200DB00A16173 /* CoreML+Combine.swift */; };
		E0589A67298200DC00A16173 /* CVPixelBuffer+Create.swift in Sources */ = {isa = PBXBuildFile; fileRef = E0589A56298200DB00A16173 /* CVPixelBuffer+Create.swift */; };
		E0589A68298200DC00A16173 /* CGImage+CVPixelBuffer.swift in Sources */ = {isa = PBXBuildFile; fileRef = E0589A57298200DB00A16173 /* CGImage+CVPixelBuffer.swift */; };
		E0589A69298200DC00A16173 /* NonMaxSuppression.swift in Sources */ = {isa = PBXBuildFile; fileRef = E0589A58298200DB00A16173 /* NonMaxSuppression.swift */; };
		E0589A6A298200DC00A16173 /* CGImage+RawBytes.swift in Sources */ = {isa = PBXBuildFile; fileRef = E0589A59298200DB00A16173 /* CGImage+RawBytes.swift */; };
		E0589A6B298200DC00A16173 /* MLMultiArray+Image.swift in Sources */ = {isa = PBXBuildFile; fileRef = E0589A5A298200DB00A16173 /* MLMultiArray+Image.swift */; };
		E0589A6C298200DC00A16173 /* CVPixelBuffer+Resize.swift in Sources */ = {isa = PBXBuildFile; fileRef = E0589A5B298200DB00A16173 /* CVPixelBuffer+Resize.swift */; };
		E0589A6D298200DC00A16173 /* CVPixelBuffer+Rotate.swift in Sources */ = {isa = PBXBuildFile; fileRef = E0589A5C298200DB00A16173 /* CVPixelBuffer+Rotate.swift */; };
		E0589A702982017800A16173 /* DeepLabV3.mlmodel in Sources */ = {isa = PBXBuildFile; fileRef = E0589A6E2982017700A16173 /* DeepLabV3.mlmodel */; };
		E0589A712982017800A16173 /* UIImage+CustomExtensions.swift in Sources */ = {isa = PBXBuildFile; fileRef = E0589A6F2982017800A16173 /* UIImage+CustomExtensions.swift */; };
		E0FC851F2979896D00AA9640 /* ImageCarouselView.swift in Sources */ = {isa = PBXBuildFile; fileRef = E0FC851E2979896D00AA9640 /* ImageCarouselView.swift */; };
/* End PBXBuildFile section */

/* Begin PBXContainerItemProxy section */
		E045CA4829795F18007667C4 /* PBXContainerItemProxy */ = {
			isa = PBXContainerItemProxy;
			containerPortal = E045CA2E29795F17007667C4 /* Project object */;
			proxyType = 1;
			remoteGlobalIDString = E045CA3529795F17007667C4;
			remoteInfo = UI_;
		};
		E045CA5229795F18007667C4 /* PBXContainerItemProxy */ = {
			isa = PBXContainerItemProxy;
			containerPortal = E045CA2E29795F17007667C4 /* Project object */;
			proxyType = 1;
			remoteGlobalIDString = E045CA3529795F17007667C4;
			remoteInfo = UI_;
		};
/* End PBXContainerItemProxy section */

/* Begin PBXFileReference section */
		E025C19B297E999D00D648EE /* StepView.swift */ = {isa = PBXFileReference; lastKnownFileType = sourcecode.swift; path = StepView.swift; sourceTree = "<group>"; };
		E025C19D297E9AD300D648EE /* ChooseImgs.swift */ = {isa = PBXFileReference; lastKnownFileType = sourcecode.swift; path = ChooseImgs.swift; sourceTree = "<group>"; };
		E025C1AB2981E02E00D648EE /* RemoveBG.swift */ = {isa = PBXFileReference; lastKnownFileType = sourcecode.swift; path = RemoveBG.swift; sourceTree = "<group>"; };
		E045CA3629795F17007667C4 /* UI_.app */ = {isa = PBXFileReference; explicitFileType = wrapper.application; includeInIndex = 0; path = UI_.app; sourceTree = BUILT_PRODUCTS_DIR; };
		E045CA3929795F17007667C4 /* UI_App.swift */ = {isa = PBXFileReference; lastKnownFileType = sourcecode.swift; path = UI_App.swift; sourceTree = "<group>"; };
		E045CA3B29795F17007667C4 /* ContentView.swift */ = {isa = PBXFileReference; lastKnownFileType = sourcecode.swift; path = ContentView.swift; sourceTree = "<group>"; };
		E045CA3D29795F18007667C4 /* Assets.xcassets */ = {isa = PBXFileReference; lastKnownFileType = folder.assetcatalog; path = Assets.xcassets; sourceTree = "<group>"; };
		E045CA3F29795F18007667C4 /* UI_.entitlements */ = {isa = PBXFileReference; lastKnownFileType = text.plist.entitlements; path = UI_.entitlements; sourceTree = "<group>"; };
		E045CA4129795F18007667C4 /* Preview Assets.xcassets */ = {isa = PBXFileReference; lastKnownFileType = folder.assetcatalog; path = "Preview Assets.xcassets"; sourceTree = "<group>"; };
		E045CA4729795F18007667C4 /* UI_Tests.xctest */ = {isa = PBXFileReference; explicitFileType = wrapper.cfbundle; includeInIndex = 0; path = UI_Tests.xctest; sourceTree = BUILT_PRODUCTS_DIR; };
		E045CA4B29795F18007667C4 /* UI_Tests.swift */ = {isa = PBXFileReference; lastKnownFileType = sourcecode.swift; path = UI_Tests.swift; sourceTree = "<group>"; };
		E045CA5129795F18007667C4 /* UI_UITests.xctest */ = {isa = PBXFileReference; explicitFileType = wrapper.cfbundle; includeInIndex = 0; path = UI_UITests.xctest; sourceTree = BUILT_PRODUCTS_DIR; };
		E045CA5529795F18007667C4 /* UI_UITests.swift */ = {isa = PBXFileReference; lastKnownFileType = sourcecode.swift; path = UI_UITests.swift; sourceTree = "<group>"; };
		E045CA5729795F18007667C4 /* UI_UITestsLaunchTests.swift */ = {isa = PBXFileReference; lastKnownFileType = sourcecode.swift; path = UI_UITestsLaunchTests.swift; sourceTree = "<group>"; };
		E051F44B298307BC00E60BEF /* ResultImg.swift */ = {isa = PBXFileReference; lastKnownFileType = sourcecode.swift; path = ResultImg.swift; sourceTree = "<group>"; };
		E051F44D2986DDF500E60BEF /* TshirtView.swift */ = {isa = PBXFileReference; lastKnownFileType = sourcecode.swift; path = TshirtView.swift; sourceTree = "<group>"; };
		E051F45B298953E200E60BEF /* Pointillism.mlmodel */ = {isa = PBXFileReference; lastKnownFileType = file.mlmodel; name = Pointillism.mlmodel; path = ../../../NSTDemo/NSTDemo/Pointillism.mlmodel; sourceTree = "<group>"; };
		E051F45D298953EC00E60BEF /* StarryNight.mlmodel */ = {isa = PBXFileReference; lastKnownFileType = file.mlmodel; name = StarryNight.mlmodel; path = ../../../NSTDemo/NSTDemo/StarryNight.mlmodel; sourceTree = "<group>"; };
		E051F4672989C15E00E60BEF /* UIImage+Resize.swift */ = {isa = PBXFileReference; fileEncoding = 4; lastKnownFileType = sourcecode.swift; name = "UIImage+Resize.swift"; path = "../../../NSTDemo/NSTDemo/UIImage+Resize.swift"; sourceTree = "<group>"; };
		E051F4682989C15E00E60BEF /* NSTError.swift */ = {isa = PBXFileReference; fileEncoding = 4; lastKnownFileType = sourcecode.swift; name = NSTError.swift; path = ../../../NSTDemo/NSTDemo/NSTError.swift; sourceTree = "<group>"; };
		E051F4692989C15F00E60BEF /* MLModelProvider.swift */ = {isa = PBXFileReference; fileEncoding = 4; lastKnownFileType = sourcecode.swift; name = MLModelProvider.swift; path = ../../../NSTDemo/NSTDemo/MLModelProvider.swift; sourceTree = "<group>"; };
		E051F46A2989C15F00E60BEF /* UIImage+CoreML.swift */ = {isa = PBXFileReference; fileEncoding = 4; lastKnownFileType = sourcecode.swift; name = "UIImage+CoreML.swift"; path = "../../../NSTDemo/NSTDemo/UIImage+CoreML.swift"; sourceTree = "<group>"; };
		E0589A4C298200DB00A16173 /* Array+Extensions.swift */ = {isa = PBXFileReference; fileEncoding = 4; lastKnownFileType = sourcecode.swift; path = "Array+Extensions.swift"; sourceTree = "<group>"; };
		E0589A4D298200DB00A16173 /* Math.swift */ = {isa = PBXFileReference; fileEncoding = 4; lastKnownFileType = sourcecode.swift; path = Math.swift; sourceTree = "<group>"; };
		E0589A4E298200DB00A16173 /* UIImage+CVPixelBuffer.swift */ = {isa = PBXFileReference; fileEncoding = 4; lastKnownFileType = sourcecode.swift; path = "UIImage+CVPixelBuffer.swift"; sourceTree = "<group>"; };
		E0589A4F298200DB00A16173 /* Predictions.swift */ = {isa = PBXFileReference; fileEncoding = 4; lastKnownFileType = sourcecode.swift; path = Predictions.swift; sourceTree = "<group>"; };
		E0589A50298200DB00A16173 /* UIImage+Extensions.swift */ = {isa = PBXFileReference; fileEncoding = 4; lastKnownFileType = sourcecode.swift; path = "UIImage+Extensions.swift"; sourceTree = "<group>"; };
		E0589A51298200DB00A16173 /* CGImagePropertyOrientation.swift */ = {isa = PBXFileReference; fileEncoding = 4; lastKnownFileType = sourcecode.swift; path = CGImagePropertyOrientation.swift; sourceTree = "<group>"; };
		E0589A52298200DB00A16173 /* UIImage+RawBytes.swift */ = {isa = PBXFileReference; fileEncoding = 4; lastKnownFileType = sourcecode.swift; path = "UIImage+RawBytes.swift"; sourceTree = "<group>"; };
		E0589A53298200DB00A16173 /* MLMultiArray+Helpers.swift */ = {isa = PBXFileReference; fileEncoding = 4; lastKnownFileType = sourcecode.swift; path = "MLMultiArray+Helpers.swift"; sourceTree = "<group>"; };
		E0589A54298200DB00A16173 /* MLModel+Images.swift */ = {isa = PBXFileReference; fileEncoding = 4; lastKnownFileType = sourcecode.swift; path = "MLModel+Images.swift"; sourceTree = "<group>"; };
		E0589A55298200DB00A16173 /* CoreML+Combine.swift */ = {isa = PBXFileReference; fileEncoding = 4; lastKnownFileType = sourcecode.swift; path = "CoreML+Combine.swift"; sourceTree = "<group>"; };
		E0589A56298200DB00A16173 /* CVPixelBuffer+Create.swift */ = {isa = PBXFileReference; fileEncoding = 4; lastKnownFileType = sourcecode.swift; path = "CVPixelBuffer+Create.swift"; sourceTree = "<group>"; };
		E0589A57298200DB00A16173 /* CGImage+CVPixelBuffer.swift */ = {isa = PBXFileReference; fileEncoding = 4; lastKnownFileType = sourcecode.swift; path = "CGImage+CVPixelBuffer.swift"; sourceTree = "<group>"; };
		E0589A58298200DB00A16173 /* NonMaxSuppression.swift */ = {isa = PBXFileReference; fileEncoding = 4; lastKnownFileType = sourcecode.swift; path = NonMaxSuppression.swift; sourceTree = "<group>"; };
		E0589A59298200DB00A16173 /* CGImage+RawBytes.swift */ = {isa = PBXFileReference; fileEncoding = 4; lastKnownFileType = sourcecode.swift; path = "CGImage+RawBytes.swift"; sourceTree = "<group>"; };
		E0589A5A298200DB00A16173 /* MLMultiArray+Image.swift */ = {isa = PBXFileReference; fileEncoding = 4; lastKnownFileType = sourcecode.swift; path = "MLMultiArray+Image.swift"; sourceTree = "<group>"; };
		E0589A5B298200DB00A16173 /* CVPixelBuffer+Resize.swift */ = {isa = PBXFileReference; fileEncoding = 4; lastKnownFileType = sourcecode.swift; path = "CVPixelBuffer+Resize.swift"; sourceTree = "<group>"; };
		E0589A5C298200DB00A16173 /* CVPixelBuffer+Rotate.swift */ = {isa = PBXFileReference; fileEncoding = 4; lastKnownFileType = sourcecode.swift; path = "CVPixelBuffer+Rotate.swift"; sourceTree = "<group>"; };
		E0589A6E2982017700A16173 /* DeepLabV3.mlmodel */ = {isa = PBXFileReference; lastKnownFileType = file.mlmodel; path = DeepLabV3.mlmodel; sourceTree = "<group>"; };
		E0589A6F2982017800A16173 /* UIImage+CustomExtensions.swift */ = {isa = PBXFileReference; fileEncoding = 4; lastKnownFileType = sourcecode.swift; path = "UIImage+CustomExtensions.swift"; sourceTree = "<group>"; };
		E0FC851E2979896D00AA9640 /* ImageCarouselView.swift */ = {isa = PBXFileReference; fileEncoding = 4; lastKnownFileType = sourcecode.swift; path = ImageCarouselView.swift; sourceTree = "<group>"; };
/* End PBXFileReference section */

/* Begin PBXFrameworksBuildPhase section */
		E045CA3329795F17007667C4 /* Frameworks */ = {
			isa = PBXFrameworksBuildPhase;
			buildActionMask = 2147483647;
			files = (
			);
			runOnlyForDeploymentPostprocessing = 0;
		};
		E045CA4429795F18007667C4 /* Frameworks */ = {
			isa = PBXFrameworksBuildPhase;
			buildActionMask = 2147483647;
			files = (
			);
			runOnlyForDeploymentPostprocessing = 0;
		};
		E045CA4E29795F18007667C4 /* Frameworks */ = {
			isa = PBXFrameworksBuildPhase;
			buildActionMask = 2147483647;
			files = (
			);
			runOnlyForDeploymentPostprocessing = 0;
		};
/* End PBXFrameworksBuildPhase section */

/* Begin PBXGroup section */
		E045CA2D29795F17007667C4 = {
			isa = PBXGroup;
			children = (
				E045CA3829795F17007667C4 /* UI_ */,
				E045CA4A29795F18007667C4 /* UI_Tests */,
				E045CA5429795F18007667C4 /* UI_UITests */,
				E045CA3729795F17007667C4 /* Products */,
			);
			sourceTree = "<group>";
		};
		E045CA3729795F17007667C4 /* Products */ = {
			isa = PBXGroup;
			children = (
				E045CA3629795F17007667C4 /* UI_.app */,
				E045CA4729795F18007667C4 /* UI_Tests.xctest */,
				E045CA5129795F18007667C4 /* UI_UITests.xctest */,
			);
			name = Products;
			sourceTree = "<group>";
		};
		E045CA3829795F17007667C4 /* UI_ */ = {
			isa = PBXGroup;
			children = (
				E045CA3929795F17007667C4 /* UI_App.swift */,
				E0FC851E2979896D00AA9640 /* ImageCarouselView.swift */,
				E045CA3B29795F17007667C4 /* ContentView.swift */,
				E0589A4B298200DB00A16173 /* CoreMLHelpers */,
				E045CA3D29795F18007667C4 /* Assets.xcassets */,
				E0589A6E2982017700A16173 /* DeepLabV3.mlmodel */,
				E0589A6F2982017800A16173 /* UIImage+CustomExtensions.swift */,
				E045CA3F29795F18007667C4 /* UI_.entitlements */,
				E045CA4029795F18007667C4 /* Preview Content */,
				E025C19B297E999D00D648EE /* StepView.swift */,
				E025C19D297E9AD300D648EE /* ChooseImgs.swift */,
				E025C1AB2981E02E00D648EE /* RemoveBG.swift */,
				E051F45B298953E200E60BEF /* Pointillism.mlmodel */,
				E051F45D298953EC00E60BEF /* StarryNight.mlmodel */,
				E051F44B298307BC00E60BEF /* ResultImg.swift */,
				E051F4692989C15F00E60BEF /* MLModelProvider.swift */,
				E051F4682989C15E00E60BEF /* NSTError.swift */,
				E051F46A2989C15F00E60BEF /* UIImage+CoreML.swift */,
				E051F4672989C15E00E60BEF /* UIImage+Resize.swift */,
				E051F44D2986DDF500E60BEF /* TshirtView.swift */,
			);
			path = UI_;
			sourceTree = "<group>";
		};
		E045CA4029795F18007667C4 /* Preview Content */ = {
			isa = PBXGroup;
			children = (
				E045CA4129795F18007667C4 /* Preview Assets.xcassets */,
			);
			path = "Preview Content";
			sourceTree = "<group>";
		};
		E045CA4A29795F18007667C4 /* UI_Tests */ = {
			isa = PBXGroup;
			children = (
				E045CA4B29795F18007667C4 /* UI_Tests.swift */,
			);
			path = UI_Tests;
			sourceTree = "<group>";
		};
		E045CA5429795F18007667C4 /* UI_UITests */ = {
			isa = PBXGroup;
			children = (
				E045CA5529795F18007667C4 /* UI_UITests.swift */,
				E045CA5729795F18007667C4 /* UI_UITestsLaunchTests.swift */,
			);
			path = UI_UITests;
			sourceTree = "<group>";
		};
		E0589A4B298200DB00A16173 /* CoreMLHelpers */ = {
			isa = PBXGroup;
			children = (
				E0589A4C298200DB00A16173 /* Array+Extensions.swift */,
				E0589A4D298200DB00A16173 /* Math.swift */,
				E0589A4E298200DB00A16173 /* UIImage+CVPixelBuffer.swift */,
				E0589A4F298200DB00A16173 /* Predictions.swift */,
				E0589A50298200DB00A16173 /* UIImage+Extensions.swift */,
				E0589A51298200DB00A16173 /* CGImagePropertyOrientation.swift */,
				E0589A52298200DB00A16173 /* UIImage+RawBytes.swift */,
				E0589A53298200DB00A16173 /* MLMultiArray+Helpers.swift */,
				E0589A54298200DB00A16173 /* MLModel+Images.swift */,
				E0589A55298200DB00A16173 /* CoreML+Combine.swift */,
				E0589A56298200DB00A16173 /* CVPixelBuffer+Create.swift */,
				E0589A57298200DB00A16173 /* CGImage+CVPixelBuffer.swift */,
				E0589A58298200DB00A16173 /* NonMaxSuppression.swift */,
				E0589A59298200DB00A16173 /* CGImage+RawBytes.swift */,
				E0589A5A298200DB00A16173 /* MLMultiArray+Image.swift */,
				E0589A5B298200DB00A16173 /* CVPixelBuffer+Resize.swift */,
				E0589A5C298200DB00A16173 /* CVPixelBuffer+Rotate.swift */,
			);
			path = CoreMLHelpers;
			sourceTree = "<group>";
		};
/* End PBXGroup section */

/* Begin PBXNativeTarget section */
		E045CA3529795F17007667C4 /* UI_ */ = {
			isa = PBXNativeTarget;
			buildConfigurationList = E045CA5B29795F18007667C4 /* Build configuration list for PBXNativeTarget "UI_" */;
			buildPhases = (
				E045CA3229795F17007667C4 /* Sources */,
				E045CA3329795F17007667C4 /* Frameworks */,
				E045CA3429795F17007667C4 /* Resources */,
			);
			buildRules = (
			);
			dependencies = (
			);
			name = UI_;
			productName = UI_;
			productReference = E045CA3629795F17007667C4 /* UI_.app */;
			productType = "com.apple.product-type.application";
		};
		E045CA4629795F18007667C4 /* UI_Tests */ = {
			isa = PBXNativeTarget;
			buildConfigurationList = E045CA5E29795F18007667C4 /* Build configuration list for PBXNativeTarget "UI_Tests" */;
			buildPhases = (
				E045CA4329795F18007667C4 /* Sources */,
				E045CA4429795F18007667C4 /* Frameworks */,
				E045CA4529795F18007667C4 /* Resources */,
			);
			buildRules = (
			);
			dependencies = (
				E045CA4929795F18007667C4 /* PBXTargetDependency */,
			);
			name = UI_Tests;
			productName = UI_Tests;
			productReference = E045CA4729795F18007667C4 /* UI_Tests.xctest */;
			productType = "com.apple.product-type.bundle.unit-test";
		};
		E045CA5029795F18007667C4 /* UI_UITests */ = {
			isa = PBXNativeTarget;
			buildConfigurationList = E045CA6129795F18007667C4 /* Build configuration list for PBXNativeTarget "UI_UITests" */;
			buildPhases = (
				E045CA4D29795F18007667C4 /* Sources */,
				E045CA4E29795F18007667C4 /* Frameworks */,
				E045CA4F29795F18007667C4 /* Resources */,
			);
			buildRules = (
			);
			dependencies = (
				E045CA5329795F18007667C4 /* PBXTargetDependency */,
			);
			name = UI_UITests;
			productName = UI_UITests;
			productReference = E045CA5129795F18007667C4 /* UI_UITests.xctest */;
			productType = "com.apple.product-type.bundle.ui-testing";
		};
/* End PBXNativeTarget section */

/* Begin PBXProject section */
		E045CA2E29795F17007667C4 /* Project object */ = {
			isa = PBXProject;
			attributes = {
				BuildIndependentTargetsInParallel = 1;
				LastSwiftUpdateCheck = 1410;
				LastUpgradeCheck = 1410;
				TargetAttributes = {
					E045CA3529795F17007667C4 = {
						CreatedOnToolsVersion = 14.1;
					};
					E045CA4629795F18007667C4 = {
						CreatedOnToolsVersion = 14.1;
						TestTargetID = E045CA3529795F17007667C4;
					};
					E045CA5029795F18007667C4 = {
						CreatedOnToolsVersion = 14.1;
						TestTargetID = E045CA3529795F17007667C4;
					};
				};
			};
			buildConfigurationList = E045CA3129795F17007667C4 /* Build configuration list for PBXProject "UI_" */;
			compatibilityVersion = "Xcode 14.0";
			developmentRegion = en;
			hasScannedForEncodings = 0;
			knownRegions = (
				en,
				Base,
			);
			mainGroup = E045CA2D29795F17007667C4;
			productRefGroup = E045CA3729795F17007667C4 /* Products */;
			projectDirPath = "";
			projectRoot = "";
			targets = (
				E045CA3529795F17007667C4 /* UI_ */,
				E045CA4629795F18007667C4 /* UI_Tests */,
				E045CA5029795F18007667C4 /* UI_UITests */,
			);
		};
/* End PBXProject section */

/* Begin PBXResourcesBuildPhase section */
		E045CA3429795F17007667C4 /* Resources */ = {
			isa = PBXResourcesBuildPhase;
			buildActionMask = 2147483647;
			files = (
				E045CA4229795F18007667C4 /* Preview Assets.xcassets in Resources */,
				E045CA3E29795F18007667C4 /* Assets.xcassets in Resources */,
			);
			runOnlyForDeploymentPostprocessing = 0;
		};
		E045CA4529795F18007667C4 /* Resources */ = {
			isa = PBXResourcesBuildPhase;
			buildActionMask = 2147483647;
			files = (
			);
			runOnlyForDeploymentPostprocessing = 0;
		};
		E045CA4F29795F18007667C4 /* Resources */ = {
			isa = PBXResourcesBuildPhase;
			buildActionMask = 2147483647;
			files = (
			);
			runOnlyForDeploymentPostprocessing = 0;
		};
/* End PBXResourcesBuildPhase section */

/* Begin PBXSourcesBuildPhase section */
		E045CA3229795F17007667C4 /* Sources */ = {
			isa = PBXSourcesBuildPhase;
			buildActionMask = 2147483647;
			files = (
				E051F45E298953EC00E60BEF /* StarryNight.mlmodel in Sources */,
				E025C1AC2981E02E00D648EE /* RemoveBG.swift in Sources */,
				E0589A69298200DC00A16173 /* NonMaxSuppression.swift in Sources */,
				E0589A66298200DC00A16173 /* CoreML+Combine.swift in Sources */,
				E0589A5D298200DC00A16173 /* Array+Extensions.swift in Sources */,
				E051F46D2989C15F00E60BEF /* MLModelProvider.swift in Sources */,
				E0589A712982017800A16173 /* UIImage+CustomExtensions.swift in Sources */,
				E0589A60298200DC00A16173 /* Predictions.swift in Sources */,
				E0589A5F298200DC00A16173 /* UIImage+CVPixelBuffer.swift in Sources */,
				E0589A64298200DC00A16173 /* MLMultiArray+Helpers.swift in Sources */,
				E051F44C298307BC00E60BEF /* ResultImg.swift in Sources */,
				E0589A67298200DC00A16173 /* CVPixelBuffer+Create.swift in Sources */,
				E0589A62298200DC00A16173 /* CGImagePropertyOrientation.swift in Sources */,
				E025C19C297E999D00D648EE /* StepView.swift in Sources */,
				E0589A6A298200DC00A16173 /* CGImage+RawBytes.swift in Sources */,
				E0589A6D298200DC00A16173 /* CVPixelBuffer+Rotate.swift in Sources */,
				E051F44E2986DDF500E60BEF /* TshirtView.swift in Sources */,
				E0FC851F2979896D00AA9640 /* ImageCarouselView.swift in Sources */,
				E0589A6B298200DC00A16173 /* MLMultiArray+Image.swift in Sources */,
				E025C19E297E9AD300D648EE /* ChooseImgs.swift in Sources */,
				E0589A702982017800A16173 /* DeepLabV3.mlmodel in Sources */,
				E051F46E2989C15F00E60BEF /* UIImage+CoreML.swift in Sources */,
				E051F45C298953E300E60BEF /* Pointillism.mlmodel in Sources */,
				E045CA3C29795F17007667C4 /* ContentView.swift in Sources */,
				E0589A61298200DC00A16173 /* UIImage+Extensions.swift in Sources */,
				E051F46B2989C15F00E60BEF /* UIImage+Resize.swift in Sources */,
				E051F46C2989C15F00E60BEF /* NSTError.swift in Sources */,
				E0589A68298200DC00A16173 /* CGImage+CVPixelBuffer.swift in Sources */,
				E0589A65298200DC00A16173 /* MLModel+Images.swift in Sources */,
				E0589A63298200DC00A16173 /* UIImage+RawBytes.swift in Sources */,
				E045CA3A29795F17007667C4 /* UI_App.swift in Sources */,
				E0589A5E298200DC00A16173 /* Math.swift in Sources */,
				E0589A6C298200DC00A16173 /* CVPixelBuffer+Resize.swift in Sources */,
			);
			runOnlyForDeploymentPostprocessing = 0;
		};
		E045CA4329795F18007667C4 /* Sources */ = {
			isa = PBXSourcesBuildPhase;
			buildActionMask = 2147483647;
			files = (
				E045CA4C29795F18007667C4 /* UI_Tests.swift in Sources */,
			);
			runOnlyForDeploymentPostprocessing = 0;
		};
		E045CA4D29795F18007667C4 /* Sources */ = {
			isa = PBXSourcesBuildPhase;
			buildActionMask = 2147483647;
			files = (
				E045CA5829795F18007667C4 /* UI_UITestsLaunchTests.swift in Sources */,
				E045CA5629795F18007667C4 /* UI_UITests.swift in Sources */,
			);
			runOnlyForDeploymentPostprocessing = 0;
		};
/* End PBXSourcesBuildPhase section */

/* Begin PBXTargetDependency section */
		E045CA4929795F18007667C4 /* PBXTargetDependency */ = {
			isa = PBXTargetDependency;
			target = E045CA3529795F17007667C4 /* UI_ */;
			targetProxy = E045CA4829795F18007667C4 /* PBXContainerItemProxy */;
		};
		E045CA5329795F18007667C4 /* PBXTargetDependency */ = {
			isa = PBXTargetDependency;
			target = E045CA3529795F17007667C4 /* UI_ */;
			targetProxy = E045CA5229795F18007667C4 /* PBXContainerItemProxy */;
		};
/* End PBXTargetDependency section */

/* Begin XCBuildConfiguration section */
		E045CA5929795F18007667C4 /* Debug */ = {
			isa = XCBuildConfiguration;
			buildSettings = {
				ALWAYS_SEARCH_USER_PATHS = NO;
				CLANG_ANALYZER_NONNULL = YES;
				CLANG_ANALYZER_NUMBER_OBJECT_CONVERSION = YES_AGGRESSIVE;
				CLANG_CXX_LANGUAGE_STANDARD = "gnu++20";
				CLANG_ENABLE_MODULES = YES;
				CLANG_ENABLE_OBJC_ARC = YES;
				CLANG_ENABLE_OBJC_WEAK = YES;
				CLANG_WARN_BLOCK_CAPTURE_AUTORELEASING = YES;
				CLANG_WARN_BOOL_CONVERSION = YES;
				CLANG_WARN_COMMA = YES;
				CLANG_WARN_CONSTANT_CONVERSION = YES;
				CLANG_WARN_DEPRECATED_OBJC_IMPLEMENTATIONS = YES;
				CLANG_WARN_DIRECT_OBJC_ISA_USAGE = YES_ERROR;
				CLANG_WARN_DOCUMENTATION_COMMENTS = YES;
				CLANG_WARN_EMPTY_BODY = YES;
				CLANG_WARN_ENUM_CONVERSION = YES;
				CLANG_WARN_INFINITE_RECURSION = YES;
				CLANG_WARN_INT_CONVERSION = YES;
				CLANG_WARN_NON_LITERAL_NULL_CONVERSION = YES;
				CLANG_WARN_OBJC_IMPLICIT_RETAIN_SELF = YES;
				CLANG_WARN_OBJC_LITERAL_CONVERSION = YES;
				CLANG_WARN_OBJC_ROOT_CLASS = YES_ERROR;
				CLANG_WARN_QUOTED_INCLUDE_IN_FRAMEWORK_HEADER = YES;
				CLANG_WARN_RANGE_LOOP_ANALYSIS = YES;
				CLANG_WARN_STRICT_PROTOTYPES = YES;
				CLANG_WARN_SUSPICIOUS_MOVE = YES;
				CLANG_WARN_UNGUARDED_AVAILABILITY = YES_AGGRESSIVE;
				CLANG_WARN_UNREACHABLE_CODE = YES;
				CLANG_WARN__DUPLICATE_METHOD_MATCH = YES;
				COPY_PHASE_STRIP = NO;
				DEBUG_INFORMATION_FORMAT = dwarf;
				ENABLE_STRICT_OBJC_MSGSEND = YES;
				ENABLE_TESTABILITY = YES;
				GCC_C_LANGUAGE_STANDARD = gnu11;
				GCC_DYNAMIC_NO_PIC = NO;
				GCC_NO_COMMON_BLOCKS = YES;
				GCC_OPTIMIZATION_LEVEL = 0;
				GCC_PREPROCESSOR_DEFINITIONS = (
					"DEBUG=1",
					"$(inherited)",
				);
				GCC_WARN_64_TO_32_BIT_CONVERSION = YES;
				GCC_WARN_ABOUT_RETURN_TYPE = YES_ERROR;
				GCC_WARN_UNDECLARED_SELECTOR = YES;
				GCC_WARN_UNINITIALIZED_AUTOS = YES_AGGRESSIVE;
				GCC_WARN_UNUSED_FUNCTION = YES;
				GCC_WARN_UNUSED_VARIABLE = YES;
				MTL_ENABLE_DEBUG_INFO = INCLUDE_SOURCE;
				MTL_FAST_MATH = YES;
				NSPhotoLibraryUsageDescription = "$(PRODUCT_NAME) needs permission to access photos on your device";
				ONLY_ACTIVE_ARCH = YES;
				SWIFT_ACTIVE_COMPILATION_CONDITIONS = DEBUG;
				SWIFT_OPTIMIZATION_LEVEL = "-Onone";
			};
			name = Debug;
		};
		E045CA5A29795F18007667C4 /* Release */ = {
			isa = XCBuildConfiguration;
			buildSettings = {
				ALWAYS_SEARCH_USER_PATHS = NO;
				CLANG_ANALYZER_NONNULL = YES;
				CLANG_ANALYZER_NUMBER_OBJECT_CONVERSION = YES_AGGRESSIVE;
				CLANG_CXX_LANGUAGE_STANDARD = "gnu++20";
				CLANG_ENABLE_MODULES = YES;
				CLANG_ENABLE_OBJC_ARC = YES;
				CLANG_ENABLE_OBJC_WEAK = YES;
				CLANG_WARN_BLOCK_CAPTURE_AUTORELEASING = YES;
				CLANG_WARN_BOOL_CONVERSION = YES;
				CLANG_WARN_COMMA = YES;
				CLANG_WARN_CONSTANT_CONVERSION = YES;
				CLANG_WARN_DEPRECATED_OBJC_IMPLEMENTATIONS = YES;
				CLANG_WARN_DIRECT_OBJC_ISA_USAGE = YES_ERROR;
				CLANG_WARN_DOCUMENTATION_COMMENTS = YES;
				CLANG_WARN_EMPTY_BODY = YES;
				CLANG_WARN_ENUM_CONVERSION = YES;
				CLANG_WARN_INFINITE_RECURSION = YES;
				CLANG_WARN_INT_CONVERSION = YES;
				CLANG_WARN_NON_LITERAL_NULL_CONVERSION = YES;
				CLANG_WARN_OBJC_IMPLICIT_RETAIN_SELF = YES;
				CLANG_WARN_OBJC_LITERAL_CONVERSION = YES;
				CLANG_WARN_OBJC_ROOT_CLASS = YES_ERROR;
				CLANG_WARN_QUOTED_INCLUDE_IN_FRAMEWORK_HEADER = YES;
				CLANG_WARN_RANGE_LOOP_ANALYSIS = YES;
				CLANG_WARN_STRICT_PROTOTYPES = YES;
				CLANG_WARN_SUSPICIOUS_MOVE = YES;
				CLANG_WARN_UNGUARDED_AVAILABILITY = YES_AGGRESSIVE;
				CLANG_WARN_UNREACHABLE_CODE = YES;
				CLANG_WARN__DUPLICATE_METHOD_MATCH = YES;
				COPY_PHASE_STRIP = NO;
				DEBUG_INFORMATION_FORMAT = "dwarf-with-dsym";
				ENABLE_NS_ASSERTIONS = NO;
				ENABLE_STRICT_OBJC_MSGSEND = YES;
				GCC_C_LANGUAGE_STANDARD = gnu11;
				GCC_NO_COMMON_BLOCKS = YES;
				GCC_WARN_64_TO_32_BIT_CONVERSION = YES;
				GCC_WARN_ABOUT_RETURN_TYPE = YES_ERROR;
				GCC_WARN_UNDECLARED_SELECTOR = YES;
				GCC_WARN_UNINITIALIZED_AUTOS = YES_AGGRESSIVE;
				GCC_WARN_UNUSED_FUNCTION = YES;
				GCC_WARN_UNUSED_VARIABLE = YES;
				MTL_ENABLE_DEBUG_INFO = NO;
				MTL_FAST_MATH = YES;
				NSPhotoLibraryUsageDescription = "$(PRODUCT_NAME) needs permission to access photos on your device";
				SWIFT_COMPILATION_MODE = wholemodule;
				SWIFT_OPTIMIZATION_LEVEL = "-O";
			};
			name = Release;
		};
		E045CA5C29795F18007667C4 /* Debug */ = {
			isa = XCBuildConfiguration;
			buildSettings = {
				ASSETCATALOG_COMPILER_APPICON_NAME = AppIcon;
				ASSETCATALOG_COMPILER_GLOBAL_ACCENT_COLOR_NAME = AccentColor;
				CODE_SIGN_ENTITLEMENTS = UI_/UI_.entitlements;
				CODE_SIGN_IDENTITY = "Apple Development";
				CODE_SIGN_STYLE = Automatic;
				CURRENT_PROJECT_VERSION = 1;
				DEVELOPMENT_ASSET_PATHS = "\"UI_/Preview Content\"";
				DEVELOPMENT_TEAM = 5FWBB2L3H5;
				ENABLE_HARDENED_RUNTIME = YES;
				ENABLE_PREVIEWS = YES;
				GENERATE_INFOPLIST_FILE = YES;
				INFOPLIST_KEY_NSPhotoLibraryUsageDescription = "$(PRODUCT_NAME) needs permission to access photos on your device";
				"INFOPLIST_KEY_UIApplicationSceneManifest_Generation[sdk=iphoneos*]" = YES;
				"INFOPLIST_KEY_UIApplicationSceneManifest_Generation[sdk=iphonesimulator*]" = YES;
				"INFOPLIST_KEY_UIApplicationSupportsIndirectInputEvents[sdk=iphoneos*]" = YES;
				"INFOPLIST_KEY_UIApplicationSupportsIndirectInputEvents[sdk=iphonesimulator*]" = YES;
				"INFOPLIST_KEY_UILaunchScreen_Generation[sdk=iphoneos*]" = YES;
				"INFOPLIST_KEY_UILaunchScreen_Generation[sdk=iphonesimulator*]" = YES;
				"INFOPLIST_KEY_UIStatusBarStyle[sdk=iphoneos*]" = UIStatusBarStyleDefault;
				"INFOPLIST_KEY_UIStatusBarStyle[sdk=iphonesimulator*]" = UIStatusBarStyleDefault;
				INFOPLIST_KEY_UISupportedInterfaceOrientations_iPad = "UIInterfaceOrientationPortrait UIInterfaceOrientationPortraitUpsideDown";
				INFOPLIST_KEY_UISupportedInterfaceOrientations_iPhone = UIInterfaceOrientationPortrait;
				IPHONEOS_DEPLOYMENT_TARGET = 14.2;
				LD_RUNPATH_SEARCH_PATHS = "@executable_path/Frameworks";
				"LD_RUNPATH_SEARCH_PATHS[sdk=macosx*]" = "@executable_path/../Frameworks";
				MACOSX_DEPLOYMENT_TARGET = 13.0;
				MARKETING_VERSION = 1.0;
				NEW_SETTING = "";
				PRODUCT_BUNDLE_IDENTIFIER = be.iamthomas.www;
				PRODUCT_NAME = "$(TARGET_NAME)";
				PROVISIONING_PROFILE_SPECIFIER = "";
				SDKROOT = auto;
				SUPPORTED_PLATFORMS = "iphoneos iphonesimulator macosx";
				SWIFT_EMIT_LOC_STRINGS = YES;
				SWIFT_VERSION = 5.0;
				TARGETED_DEVICE_FAMILY = "1,2";
			};
			name = Debug;
		};
		E045CA5D29795F18007667C4 /* Release */ = {
			isa = XCBuildConfiguration;
			buildSettings = {
				ASSETCATALOG_COMPILER_APPICON_NAME = AppIcon;
				ASSETCATALOG_COMPILER_GLOBAL_ACCENT_COLOR_NAME = AccentColor;
				CODE_SIGN_ENTITLEMENTS = UI_/UI_.entitlements;
				CODE_SIGN_IDENTITY = "Apple Development";
				CODE_SIGN_STYLE = Automatic;
				CURRENT_PROJECT_VERSION = 1;
				DEVELOPMENT_ASSET_PATHS = "\"UI_/Preview Content\"";
				DEVELOPMENT_TEAM = 5FWBB2L3H5;
				ENABLE_HARDENED_RUNTIME = YES;
				ENABLE_PREVIEWS = YES;
				GENERATE_INFOPLIST_FILE = YES;
				INFOPLIST_KEY_NSPhotoLibraryUsageDescription = "$(PRODUCT_NAME) needs permission to access photos on your device";
				"INFOPLIST_KEY_UIApplicationSceneManifest_Generation[sdk=iphoneos*]" = YES;
				"INFOPLIST_KEY_UIApplicationSceneManifest_Generation[sdk=iphonesimulator*]" = YES;
				"INFOPLIST_KEY_UIApplicationSupportsIndirectInputEvents[sdk=iphoneos*]" = YES;
				"INFOPLIST_KEY_UIApplicationSupportsIndirectInputEvents[sdk=iphonesimulator*]" = YES;
				"INFOPLIST_KEY_UILaunchScreen_Generation[sdk=iphoneos*]" = YES;
				"INFOPLIST_KEY_UILaunchScreen_Generation[sdk=iphonesimulator*]" = YES;
				"INFOPLIST_KEY_UIStatusBarStyle[sdk=iphoneos*]" = UIStatusBarStyleDefault;
				"INFOPLIST_KEY_UIStatusBarStyle[sdk=iphonesimulator*]" = UIStatusBarStyleDefault;
				INFOPLIST_KEY_UISupportedInterfaceOrientations_iPad = "UIInterfaceOrientationPortrait UIInterfaceOrientationPortraitUpsideDown";
				INFOPLIST_KEY_UISupportedInterfaceOrientations_iPhone = UIInterfaceOrientationPortrait;
				IPHONEOS_DEPLOYMENT_TARGET = 14.2;
				LD_RUNPATH_SEARCH_PATHS = "@executable_path/Frameworks";
				"LD_RUNPATH_SEARCH_PATHS[sdk=macosx*]" = "@executable_path/../Frameworks";
				MACOSX_DEPLOYMENT_TARGET = 13.0;
				MARKETING_VERSION = 1.0;
				NEW_SETTING = "";
				PRODUCT_BUNDLE_IDENTIFIER = be.iamthomas.www;
				PRODUCT_NAME = "$(TARGET_NAME)";
				PROVISIONING_PROFILE_SPECIFIER = "";
				SDKROOT = auto;
				SUPPORTED_PLATFORMS = "iphoneos iphonesimulator macosx";
				SWIFT_EMIT_LOC_STRINGS = YES;
				SWIFT_VERSION = 5.0;
				TARGETED_DEVICE_FAMILY = "1,2";
			};
			name = Release;
		};
		E045CA5F29795F18007667C4 /* Debug */ = {
			isa = XCBuildConfiguration;
			buildSettings = {
				ALWAYS_EMBED_SWIFT_STANDARD_LIBRARIES = YES;
				BUNDLE_LOADER = "$(TEST_HOST)";
				CODE_SIGN_STYLE = Automatic;
				CURRENT_PROJECT_VERSION = 1;
				DEVELOPMENT_TEAM = 5FWBB2L3H5;
				GENERATE_INFOPLIST_FILE = YES;
				IPHONEOS_DEPLOYMENT_TARGET = 16.1;
				MACOSX_DEPLOYMENT_TARGET = 13.0;
				MARKETING_VERSION = 1.0;
				PRODUCT_BUNDLE_IDENTIFIER = "com.iamthomas.www.UI-Tests";
				PRODUCT_NAME = "$(TARGET_NAME)";
				SDKROOT = auto;
				SUPPORTED_PLATFORMS = "iphoneos iphonesimulator macosx";
				SWIFT_EMIT_LOC_STRINGS = NO;
				SWIFT_VERSION = 5.0;
				TARGETED_DEVICE_FAMILY = "1,2";
				TEST_HOST = "$(BUILT_PRODUCTS_DIR)/UI_.app/$(BUNDLE_EXECUTABLE_FOLDER_PATH)/UI_";
			};
			name = Debug;
		};
		E045CA6029795F18007667C4 /* Release */ = {
			isa = XCBuildConfiguration;
			buildSettings = {
				ALWAYS_EMBED_SWIFT_STANDARD_LIBRARIES = YES;
				BUNDLE_LOADER = "$(TEST_HOST)";
				CODE_SIGN_STYLE = Automatic;
				CURRENT_PROJECT_VERSION = 1;
				DEVELOPMENT_TEAM = 5FWBB2L3H5;
				GENERATE_INFOPLIST_FILE = YES;
				IPHONEOS_DEPLOYMENT_TARGET = 16.1;
				MACOSX_DEPLOYMENT_TARGET = 13.0;
				MARKETING_VERSION = 1.0;
				PRODUCT_BUNDLE_IDENTIFIER = "com.iamthomas.www.UI-Tests";
				PRODUCT_NAME = "$(TARGET_NAME)";
				SDKROOT = auto;
				SUPPORTED_PLATFORMS = "iphoneos iphonesimulator macosx";
				SWIFT_EMIT_LOC_STRINGS = NO;
				SWIFT_VERSION = 5.0;
				TARGETED_DEVICE_FAMILY = "1,2";
				TEST_HOST = "$(BUILT_PRODUCTS_DIR)/UI_.app/$(BUNDLE_EXECUTABLE_FOLDER_PATH)/UI_";
			};
			name = Release;
		};
		E045CA6229795F18007667C4 /* Debug */ = {
			isa = XCBuildConfiguration;
			buildSettings = {
				ALWAYS_EMBED_SWIFT_STANDARD_LIBRARIES = YES;
				CODE_SIGN_STYLE = Automatic;
				CURRENT_PROJECT_VERSION = 1;
				DEVELOPMENT_TEAM = 5FWBB2L3H5;
				GENERATE_INFOPLIST_FILE = YES;
				IPHONEOS_DEPLOYMENT_TARGET = 16.1;
				MACOSX_DEPLOYMENT_TARGET = 13.0;
				MARKETING_VERSION = 1.0;
				PRODUCT_BUNDLE_IDENTIFIER = "com.iamthomas.www.UI-UITests";
				PRODUCT_NAME = "$(TARGET_NAME)";
				SDKROOT = auto;
				SUPPORTED_PLATFORMS = "iphoneos iphonesimulator macosx";
				SWIFT_EMIT_LOC_STRINGS = NO;
				SWIFT_VERSION = 5.0;
				TARGETED_DEVICE_FAMILY = "1,2";
				TEST_TARGET_NAME = UI_;
			};
			name = Debug;
		};
		E045CA6329795F18007667C4 /* Release */ = {
			isa = XCBuildConfiguration;
			buildSettings = {
				ALWAYS_EMBED_SWIFT_STANDARD_LIBRARIES = YES;
				CODE_SIGN_STYLE = Automatic;
				CURRENT_PROJECT_VERSION = 1;
				DEVELOPMENT_TEAM = 5FWBB2L3H5;
				GENERATE_INFOPLIST_FILE = YES;
				IPHONEOS_DEPLOYMENT_TARGET = 16.1;
				MACOSX_DEPLOYMENT_TARGET = 13.0;
				MARKETING_VERSION = 1.0;
				PRODUCT_BUNDLE_IDENTIFIER = "com.iamthomas.www.UI-UITests";
				PRODUCT_NAME = "$(TARGET_NAME)";
				SDKROOT = auto;
				SUPPORTED_PLATFORMS = "iphoneos iphonesimulator macosx";
				SWIFT_EMIT_LOC_STRINGS = NO;
				SWIFT_VERSION = 5.0;
				TARGETED_DEVICE_FAMILY = "1,2";
				TEST_TARGET_NAME = UI_;
			};
			name = Release;
		};
/* End XCBuildConfiguration section */

/* Begin XCConfigurationList section */
		E045CA3129795F17007667C4 /* Build configuration list for PBXProject "UI_" */ = {
			isa = XCConfigurationList;
			buildConfigurations = (
				E045CA5929795F18007667C4 /* Debug */,
				E045CA5A29795F18007667C4 /* Release */,
			);
			defaultConfigurationIsVisible = 0;
			defaultConfigurationName = Release;
		};
		E045CA5B29795F18007667C4 /* Build configuration list for PBXNativeTarget "UI_" */ = {
			isa = XCConfigurationList;
			buildConfigurations = (
				E045CA5C29795F18007667C4 /* Debug */,
				E045CA5D29795F18007667C4 /* Release */,
			);
			defaultConfigurationIsVisible = 0;
			defaultConfigurationName = Release;
		};
		E045CA5E29795F18007667C4 /* Build configuration list for PBXNativeTarget "UI_Tests" */ = {
			isa = XCConfigurationList;
			buildConfigurations = (
				E045CA5F29795F18007667C4 /* Debug */,
				E045CA6029795F18007667C4 /* Release */,
			);
			defaultConfigurationIsVisible = 0;
			defaultConfigurationName = Release;
		};
		E045CA6129795F18007667C4 /* Build configuration list for PBXNativeTarget "UI_UITests" */ = {
			isa = XCConfigurationList;
			buildConfigurations = (
				E045CA6229795F18007667C4 /* Debug */,
				E045CA6329795F18007667C4 /* Release */,
			);
			defaultConfigurationIsVisible = 0;
			defaultConfigurationName = Release;
		};
/* End XCConfigurationList section */
	};
	rootObject = E045CA2E29795F17007667C4 /* Project object */;
}
